// !$*UTF8*$!
{
	archiveVersion = 1;
	classes = {
	};
	objectVersion = 50;
	objects = {

/* Begin PBXBuildFile section */
		2337284224EC2D30005A7966 /* AppDelegate.swift in Sources */ = {isa = PBXBuildFile; fileRef = 2337284124EC2D30005A7966 /* AppDelegate.swift */; };
		2337284424EC2D30005A7966 /* SceneDelegate.swift in Sources */ = {isa = PBXBuildFile; fileRef = 2337284324EC2D30005A7966 /* SceneDelegate.swift */; };
		2337284624EC2D30005A7966 /* ViewController.swift in Sources */ = {isa = PBXBuildFile; fileRef = 2337284524EC2D30005A7966 /* ViewController.swift */; };
		2337284924EC2D30005A7966 /* Main.storyboard in Resources */ = {isa = PBXBuildFile; fileRef = 2337284724EC2D30005A7966 /* Main.storyboard */; };
		2337284C24EC2D30005A7966 /* Deshaun_D_BillsAudio_App.xcdatamodeld in Sources */ = {isa = PBXBuildFile; fileRef = 2337284A24EC2D30005A7966 /* Deshaun_D_BillsAudio_App.xcdatamodeld */; };
		2337284E24EC2D32005A7966 /* Assets.xcassets in Resources */ = {isa = PBXBuildFile; fileRef = 2337284D24EC2D32005A7966 /* Assets.xcassets */; };
		2337285124EC2D32005A7966 /* LaunchScreen.storyboard in Resources */ = {isa = PBXBuildFile; fileRef = 2337284F24EC2D32005A7966 /* LaunchScreen.storyboard */; };
		2337285924EC3019005A7966 /* forestsound.wav in Resources */ = {isa = PBXBuildFile; fileRef = 2337285824EC3019005A7966 /* forestsound.wav */; };
		2337285B24EC3390005A7966 /* onedayatatime.jpeg in Resources */ = {isa = PBXBuildFile; fileRef = 2337285A24EC3390005A7966 /* onedayatatime.jpeg */; };
/* End PBXBuildFile section */

/* Begin PBXFileReference section */
		2337283E24EC2D30005A7966 /* Deshaun_D_BillsAudio_App.app */ = {isa = PBXFileReference; explicitFileType = wrapper.application; includeInIndex = 0; path = Deshaun_D_BillsAudio_App.app; sourceTree = BUILT_PRODUCTS_DIR; };
		2337284124EC2D30005A7966 /* AppDelegate.swift */ = {isa = PBXFileReference; lastKnownFileType = sourcecode.swift; path = AppDelegate.swift; sourceTree = "<group>"; };
		2337284324EC2D30005A7966 /* SceneDelegate.swift */ = {isa = PBXFileReference; lastKnownFileType = sourcecode.swift; path = SceneDelegate.swift; sourceTree = "<group>"; };
		2337284524EC2D30005A7966 /* ViewController.swift */ = {isa = PBXFileReference; lastKnownFileType = sourcecode.swift; path = ViewController.swift; sourceTree = "<group>"; };
		2337284824EC2D30005A7966 /* Base */ = {isa = PBXFileReference; lastKnownFileType = file.storyboard; name = Base; path = Base.lproj/Main.storyboard; sourceTree = "<group>"; };
		2337284B24EC2D30005A7966 /* Deshaun_D_BillsAudio_App.xcdatamodel */ = {isa = PBXFileReference; lastKnownFileType = wrapper.xcdatamodel; path = Deshaun_D_BillsAudio_App.xcdatamodel; sourceTree = "<group>"; };
		2337284D24EC2D32005A7966 /* Assets.xcassets */ = {isa = PBXFileReference; lastKnownFileType = folder.assetcatalog; path = Assets.xcassets; sourceTree = "<group>"; };
		2337285024EC2D32005A7966 /* Base */ = {isa = PBXFileReference; lastKnownFileType = file.storyboard; name = Base; path = Base.lproj/LaunchScreen.storyboard; sourceTree = "<group>"; };
		2337285224EC2D32005A7966 /* Info.plist */ = {isa = PBXFileReference; lastKnownFileType = text.plist.xml; path = Info.plist; sourceTree = "<group>"; };
		2337285824EC3019005A7966 /* forestsound.wav */ = {isa = PBXFileReference; explicitFileType = audio.wav; name = forestsound.wav; path = ../../../Downloads/forestsound.wav; sourceTree = "<group>"; };
		2337285A24EC3390005A7966 /* onedayatatime.jpeg */ = {isa = PBXFileReference; lastKnownFileType = image.jpeg; name = onedayatatime.jpeg; path = ../../../Downloads/onedayatatime.jpeg; sourceTree = "<group>"; };
/* End PBXFileReference section */

/* Begin PBXFrameworksBuildPhase section */
		2337283B24EC2D30005A7966 /* Frameworks */ = {
			isa = PBXFrameworksBuildPhase;
			buildActionMask = 2147483647;
			files = (
			);
			runOnlyForDeploymentPostprocessing = 0;
		};
/* End PBXFrameworksBuildPhase section */

/* Begin PBXGroup section */
		2337283524EC2D2F005A7966 = {
			isa = PBXGroup;
			children = (
				2337284024EC2D30005A7966 /* Deshaun_D_BillsAudio_App */,
				2337283F24EC2D30005A7966 /* Products */,
			);
			sourceTree = "<group>";
		};
		2337283F24EC2D30005A7966 /* Products */ = {
			isa = PBXGroup;
			children = (
				2337283E24EC2D30005A7966 /* Deshaun_D_BillsAudio_App.app */,
			);
			name = Products;
			sourceTree = "<group>";
		};
		2337284024EC2D30005A7966 /* Deshaun_D_BillsAudio_App */ = {
			isa = PBXGroup;
			children = (
				2337284124EC2D30005A7966 /* AppDelegate.swift */,
				2337284324EC2D30005A7966 /* SceneDelegate.swift */,
				2337284524EC2D30005A7966 /* ViewController.swift */,
				2337284724EC2D30005A7966 /* Main.storyboard */,
				2337284D24EC2D32005A7966 /* Assets.xcassets */,
				2337285A24EC3390005A7966 /* onedayatatime.jpeg */,
				2337284F24EC2D32005A7966 /* LaunchScreen.storyboard */,
				2337285224EC2D32005A7966 /* Info.plist */,
				2337285824EC3019005A7966 /* forestsound.wav */,
				2337284A24EC2D30005A7966 /* Deshaun_D_BillsAudio_App.xcdatamodeld */,
			);
			path = Deshaun_D_BillsAudio_App;
			sourceTree = "<group>";
		};
/* End PBXGroup section */

/* Begin PBXNativeTarget section */
		2337283D24EC2D30005A7966 /* Deshaun_D_BillsAudio_App */ = {
			isa = PBXNativeTarget;
			buildConfigurationList = 2337285524EC2D32005A7966 /* Build configuration list for PBXNativeTarget "Deshaun_D_BillsAudio_App" */;
			buildPhases = (
				2337283A24EC2D30005A7966 /* Sources */,
				2337283B24EC2D30005A7966 /* Frameworks */,
				2337283C24EC2D30005A7966 /* Resources */,
			);
			buildRules = (
			);
			dependencies = (
			);
			name = Deshaun_D_BillsAudio_App;
			productName = Deshaun_D_BillsAudio_App;
			productReference = 2337283E24EC2D30005A7966 /* Deshaun_D_BillsAudio_App.app */;
			productType = "com.apple.product-type.application";
		};
/* End PBXNativeTarget section */

/* Begin PBXProject section */
		2337283624EC2D2F005A7966 /* Project object */ = {
			isa = PBXProject;
			attributes = {
				LastSwiftUpdateCheck = 1160;
				LastUpgradeCheck = 1160;
				ORGANIZATIONNAME = "Deshaun Douglas";
				TargetAttributes = {
					2337283D24EC2D30005A7966 = {
						CreatedOnToolsVersion = 11.6;
					};
				};
			};
			buildConfigurationList = 2337283924EC2D2F005A7966 /* Build configuration list for PBXProject "Deshaun_D_BillsAudio_App" */;
			compatibilityVersion = "Xcode 9.3";
			developmentRegion = en;
			hasScannedForEncodings = 0;
			knownRegions = (
				en,
				Base,
			);
			mainGroup = 2337283524EC2D2F005A7966;
			productRefGroup = 2337283F24EC2D30005A7966 /* Products */;
			projectDirPath = "";
			projectRoot = "";
			targets = (
				2337283D24EC2D30005A7966 /* Deshaun_D_BillsAudio_App */,
			);
		};
/* End PBXProject section */

/* Begin PBXResourcesBuildPhase section */
		2337283C24EC2D30005A7966 /* Resources */ = {
			isa = PBXResourcesBuildPhase;
			buildActionMask = 2147483647;
			files = (
				2337285924EC3019005A7966 /* forestsound.wav in Resources */,
				2337285B24EC3390005A7966 /* onedayatatime.jpeg in Resources */,
				2337285124EC2D32005A7966 /* LaunchScreen.storyboard in Resources */,
				2337284E24EC2D32005A7966 /* Assets.xcassets in Resources */,
				2337284924EC2D30005A7966 /* Main.storyboard in Resources */,
			);
			runOnlyForDeploymentPostprocessing = 0;
		};
/* End PBXResourcesBuildPhase section */

/* Begin PBXSourcesBuildPhase section */
		2337283A24EC2D30005A7966 /* Sources */ = {
			isa = PBXSourcesBuildPhase;
			buildActionMask = 2147483647;
			files = (
				2337284624EC2D30005A7966 /* ViewController.swift in Sources */,
				2337284224EC2D30005A7966 /* AppDelegate.swift in Sources */,
				2337284424EC2D30005A7966 /* SceneDelegate.swift in Sources */,
				2337284C24EC2D30005A7966 /* Deshaun_D_BillsAudio_App.xcdatamodeld in Sources */,
			);
			runOnlyForDeploymentPostprocessing = 0;
		};
/* End PBXSourcesBuildPhase section */

/* Begin PBXVariantGroup section */
		2337284724EC2D30005A7966 /* Main.storyboard */ = {
			isa = PBXVariantGroup;
			children = (
				2337284824EC2D30005A7966 /* Base */,
			);
			name = Main.storyboard;
			sourceTree = "<group>";
		};
		2337284F24EC2D32005A7966 /* LaunchScreen.storyboard */ = {
			isa = PBXVariantGroup;
			children = (
				2337285024EC2D32005A7966 /* Base */,
			);
			name = LaunchScreen.storyboard;
			sourceTree = "<group>";
		};
/* End PBXVariantGroup section */

/* Begin XCBuildConfiguration section */
		2337285324EC2D32005A7966 /* Debug */ = {
			isa = XCBuildConfiguration;
			buildSettings = {
				ALWAYS_SEARCH_USER_PATHS = NO;
				CLANG_ANALYZER_NONNULL = YES;
				CLANG_ANALYZER_NUMBER_OBJECT_CONVERSION = YES_AGGRESSIVE;
				CLANG_CXX_LANGUAGE_STANDARD = "gnu++14";
				CLANG_CXX_LIBRARY = "libc++";
				CLANG_ENABLE_MODULES = YES;
				CLANG_ENABLE_OBJC_ARC = YES;
				CLANG_ENABLE_OBJC_WEAK = YES;
				CLANG_WARN_BLOCK_CAPTURE_AUTORELEASING = YES;
				CLANG_WARN_BOOL_CONVERSION = YES;
				CLANG_WARN_COMMA = YES;
				CLANG_WARN_CONSTANT_CONVERSION = YES;
				CLANG_WARN_DEPRECATED_OBJC_IMPLEMENTATIONS = YES;
				CLANG_WARN_DIRECT_OBJC_ISA_USAGE = YES_ERROR;
				CLANG_WARN_DOCUMENTATION_COMMENTS = YES;
				CLANG_WARN_EMPTY_BODY = YES;
				CLANG_WARN_ENUM_CONVERSION = YES;
				CLANG_WARN_INFINITE_RECURSION = YES;
				CLANG_WARN_INT_CONVERSION = YES;
				CLANG_WARN_NON_LITERAL_NULL_CONVERSION = YES;
				CLANG_WARN_OBJC_IMPLICIT_RETAIN_SELF = YES;
				CLANG_WARN_OBJC_LITERAL_CONVERSION = YES;
				CLANG_WARN_OBJC_ROOT_CLASS = YES_ERROR;
				CLANG_WARN_RANGE_LOOP_ANALYSIS = YES;
				CLANG_WARN_STRICT_PROTOTYPES = YES;
				CLANG_WARN_SUSPICIOUS_MOVE = YES;
				CLANG_WARN_UNGUARDED_AVAILABILITY = YES_AGGRESSIVE;
				CLANG_WARN_UNREACHABLE_CODE = YES;
				CLANG_WARN__DUPLICATE_METHOD_MATCH = YES;
				COPY_PHASE_STRIP = NO;
				DEBUG_INFORMATION_FORMAT = dwarf;
				ENABLE_STRICT_OBJC_MSGSEND = YES;
				ENABLE_TESTABILITY = YES;
				GCC_C_LANGUAGE_STANDARD = gnu11;
				GCC_DYNAMIC_NO_PIC = NO;
				GCC_NO_COMMON_BLOCKS = YES;
				GCC_OPTIMIZATION_LEVEL = 0;
				GCC_PREPROCESSOR_DEFINITIONS = (
					"DEBUG=1",
					"$(inherited)",
				);
				GCC_WARN_64_TO_32_BIT_CONVERSION = YES;
				GCC_WARN_ABOUT_RETURN_TYPE = YES_ERROR;
				GCC_WARN_UNDECLARED_SELECTOR = YES;
				GCC_WARN_UNINITIALIZED_AUTOS = YES_AGGRESSIVE;
				GCC_WARN_UNUSED_FUNCTION = YES;
				GCC_WARN_UNUSED_VARIABLE = YES;
				IPHONEOS_DEPLOYMENT_TARGET = 13.6;
				MTL_ENABLE_DEBUG_INFO = INCLUDE_SOURCE;
				MTL_FAST_MATH = YES;
				ONLY_ACTIVE_ARCH = YES;
				SDKROOT = iphoneos;
				SWIFT_ACTIVE_COMPILATION_CONDITIONS = DEBUG;
				SWIFT_OPTIMIZATION_LEVEL = "-Onone";
			};
			name = Debug;
		};
		2337285424EC2D32005A7966 /* Release */ = {
			isa = XCBuildConfiguration;
			buildSettings = {
				ALWAYS_SEARCH_USER_PATHS = NO;
				CLANG_ANALYZER_NONNULL = YES;
				CLANG_ANALYZER_NUMBER_OBJECT_CONVERSION = YES_AGGRESSIVE;
				CLANG_CXX_LANGUAGE_STANDARD = "gnu++14";
				CLANG_CXX_LIBRARY = "libc++";
				CLANG_ENABLE_MODULES = YES;
				CLANG_ENABLE_OBJC_ARC = YES;
				CLANG_ENABLE_OBJC_WEAK = YES;
				CLANG_WARN_BLOCK_CAPTURE_AUTORELEASING = YES;
				CLANG_WARN_BOOL_CONVERSION = YES;
				CLANG_WARN_COMMA = YES;
				CLANG_WARN_CONSTANT_CONVERSION = YES;
				CLANG_WARN_DEPRECATED_OBJC_IMPLEMENTATIONS = YES;
				CLANG_WARN_DIRECT_OBJC_ISA_USAGE = YES_ERROR;
				CLANG_WARN_DOCUMENTATION_COMMENTS = YES;
				CLANG_WARN_EMPTY_BODY = YES;
				CLANG_WARN_ENUM_CONVERSION = YES;
				CLANG_WARN_INFINITE_RECURSION = YES;
				CLANG_WARN_INT_CONVERSION = YES;
				CLANG_WARN_NON_LITERAL_NULL_CONVERSION = YES;
				CLANG_WARN_OBJC_IMPLICIT_RETAIN_SELF = YES;
				CLANG_WARN_OBJC_LITERAL_CONVERSION = YES;
				CLANG_WARN_OBJC_ROOT_CLASS = YES_ERROR;
				CLANG_WARN_RANGE_LOOP_ANALYSIS = YES;
				CLANG_WARN_STRICT_PROTOTYPES = YES;
				CLANG_WARN_SUSPICIOUS_MOVE = YES;
				CLANG_WARN_UNGUARDED_AVAILABILITY = YES_AGGRESSIVE;
				CLANG_WARN_UNREACHABLE_CODE = YES;
				CLANG_WARN__DUPLICATE_METHOD_MATCH = YES;
				COPY_PHASE_STRIP = NO;
				DEBUG_INFORMATION_FORMAT = "dwarf-with-dsym";
				ENABLE_NS_ASSERTIONS = NO;
				ENABLE_STRICT_OBJC_MSGSEND = YES;
				GCC_C_LANGUAGE_STANDARD = gnu11;
				GCC_NO_COMMON_BLOCKS = YES;
				GCC_WARN_64_TO_32_BIT_CONVERSION = YES;
				GCC_WARN_ABOUT_RETURN_TYPE = YES_ERROR;
				GCC_WARN_UNDECLARED_SELECTOR = YES;
				GCC_WARN_UNINITIALIZED_AUTOS = YES_AGGRESSIVE;
				GCC_WARN_UNUSED_FUNCTION = YES;
				GCC_WARN_UNUSED_VARIABLE = YES;
				IPHONEOS_DEPLOYMENT_TARGET = 13.6;
				MTL_ENABLE_DEBUG_INFO = NO;
				MTL_FAST_MATH = YES;
				SDKROOT = iphoneos;
				SWIFT_COMPILATION_MODE = wholemodule;
				SWIFT_OPTIMIZATION_LEVEL = "-O";
				VALIDATE_PRODUCT = YES;
			};
			name = Release;
		};
		2337285624EC2D32005A7966 /* Debug */ = {
			isa = XCBuildConfiguration;
			buildSettings = {
				ASSETCATALOG_COMPILER_APPICON_NAME = AppIcon;
				CODE_SIGN_STYLE = Automatic;
				INFOPLIST_FILE = Deshaun_D_BillsAudio_App/Info.plist;
				LD_RUNPATH_SEARCH_PATHS = (
					"$(inherited)",
					"@executable_path/Frameworks",
				);
				PRODUCT_BUNDLE_IDENTIFIER = "genesysworks.Deshaun-D-BillsAudio-App";
				PRODUCT_NAME = "$(TARGET_NAME)";
				SWIFT_VERSION = 5.0;
				TARGETED_DEVICE_FAMILY = "1,2";
			};
			name = Debug;
		};
		2337285724EC2D32005A7966 /* Release */ = {
			isa = XCBuildConfiguration;
			buildSettings = {
				ASSETCATALOG_COMPILER_APPICON_NAME = AppIcon;
				CODE_SIGN_STYLE = Automatic;
				INFOPLIST_FILE = Deshaun_D_BillsAudio_App/Info.plist;
				LD_RUNPATH_SEARCH_PATHS = (
					"$(inherited)",
					"@executable_path/Frameworks",
				);
				PRODUCT_BUNDLE_IDENTIFIER = "genesysworks.Deshaun-D-BillsAudio-App";
				PRODUCT_NAME = "$(TARGET_NAME)";
				SWIFT_VERSION = 5.0;
				TARGETED_DEVICE_FAMILY = "1,2";
			};
			name = Release;
		};
/* End XCBuildConfiguration section */

/* Begin XCConfigurationList section */
		2337283924EC2D2F005A7966 /* Build configuration list for PBXProject "Deshaun_D_BillsAudio_App" */ = {
			isa = XCConfigurationList;
			buildConfigurations = (
				2337285324EC2D32005A7966 /* Debug */,
				2337285424EC2D32005A7966 /* Release */,
			);
			defaultConfigurationIsVisible = 0;
			defaultConfigurationName = Release;
		};
		2337285524EC2D32005A7966 /* Build configuration list for PBXNativeTarget "Deshaun_D_BillsAudio_App" */ = {
			isa = XCConfigurationList;
			buildConfigurations = (
				2337285624EC2D32005A7966 /* Debug */,
				2337285724EC2D32005A7966 /* Release */,
			);
			defaultConfigurationIsVisible = 0;
			defaultConfigurationName = Release;
		};
/* End XCConfigurationList section */

/* Begin XCVersionGroup section */
		2337284A24EC2D30005A7966 /* Deshaun_D_BillsAudio_App.xcdatamodeld */ = {
			isa = XCVersionGroup;
			children = (
				2337284B24EC2D30005A7966 /* Deshaun_D_BillsAudio_App.xcdatamodel */,
			);
			currentVersion = 2337284B24EC2D30005A7966 /* Deshaun_D_BillsAudio_App.xcdatamodel */;
			path = Deshaun_D_BillsAudio_App.xcdatamodeld;
			sourceTree = "<group>";
			versionGroupType = wrapper.xcdatamodel;
		};
/* End XCVersionGroup section */
	};
	rootObject = 2337283624EC2D2F005A7966 /* Project object */;
}
